
Microsoft Visual Studio Solution File, Format Version 12.00
# Visual Studio Version 17
VisualStudioVersion = 17.3.32901.215
MinimumVisualStudioVersion = 10.0.40219.1
Project("{2150E333-8FDC-42A3-9474-1A3956D46DE8}") = "Infrastructure", "Infrastructure", "{90482ECC-EBC2-4038-8F83-C763FBE92913}"
EndProject
Project("{2150E333-8FDC-42A3-9474-1A3956D46DE8}") = "Data", "Data", "{7CA3856D-0B6B-418B-8A25-BD2DB86001EC}"
EndProject
Project("{9A19103F-16F7-4668-BE54-9A1E7A4F7556}") = "DAC.UI", "DAC.UI\DAC.UI.csproj", "{A95D7654-194B-45A5-A0FD-77FEC671675F}"
EndProject
Project("{9A19103F-16F7-4668-BE54-9A1E7A4F7556}") = "DAC.IdentityDB", "Data\DAC.IdentityDB\DAC.IdentityDB.csproj", "{4B740F66-9965-4D81-8C52-D1DED8A4F8D5}"
EndProject
Project("{9A19103F-16F7-4668-BE54-9A1E7A4F7556}") = "DAC.DB", "Data\DAC.DB\DAC.DB.csproj", "{EFD3CB11-5798-400E-8D96-45164CF0C34D}"
EndProject
Project("{9A19103F-16F7-4668-BE54-9A1E7A4F7556}") = "DAC.API", "DAC.API\DAC.API.csproj", "{C40891F4-CD8A-49AB-B97B-A9646C0FA499}"
EndProject
Project("{2150E333-8FDC-42A3-9474-1A3956D46DE8}") = "Business", "Business", "{9CE45191-2801-40C0-8B6C-C9348F988897}"
EndProject
Project("{9A19103F-16F7-4668-BE54-9A1E7A4F7556}") = "DAC.Business", "Business\DAC.Business\DAC.Business.csproj", "{31FCC371-21BD-4EDB-BBF9-6F88807EEF86}"
EndProject
Project("{9A19103F-16F7-4668-BE54-9A1E7A4F7556}") = "DAC.Models", "Business\DAC.Models\DAC.Models.csproj", "{64DECD78-6AF1-4F83-A19A-0D5AC00DA230}"
EndProject
Project("{9A19103F-16F7-4668-BE54-9A1E7A4F7556}") = "DAC.Extensions", "Infrastructure\DAC.Bootstrappers\DAC.Extensions.csproj", "{4B8CE08C-099A-43E8-B28C-E2E5B9245E60}"
EndProject
Project("{FAE04EC0-301F-11D3-BF4B-00C04F79EFBC}") = "DAC.Mappers", "Business\DAC.Mappers\DAC.Mappers.csproj", "{C1B5B148-310E-4AFA-84D7-21727D1E1749}"
EndProject
Global
	GlobalSection(SolutionConfigurationPlatforms) = preSolution
		Debug|Any CPU = Debug|Any CPU
		Release|Any CPU = Release|Any CPU
	EndGlobalSection
	GlobalSection(ProjectConfigurationPlatforms) = postSolution
		{A95D7654-194B-45A5-A0FD-77FEC671675F}.Debug|Any CPU.ActiveCfg = Debug|Any CPU
		{A95D7654-194B-45A5-A0FD-77FEC671675F}.Debug|Any CPU.Build.0 = Debug|Any CPU
		{A95D7654-194B-45A5-A0FD-77FEC671675F}.Release|Any CPU.ActiveCfg = Release|Any CPU
		{A95D7654-194B-45A5-A0FD-77FEC671675F}.Release|Any CPU.Build.0 = Release|Any CPU
		{4B740F66-9965-4D81-8C52-D1DED8A4F8D5}.Debug|Any CPU.ActiveCfg = Debug|Any CPU
		{4B740F66-9965-4D81-8C52-D1DED8A4F8D5}.Debug|Any CPU.Build.0 = Debug|Any CPU
		{4B740F66-9965-4D81-8C52-D1DED8A4F8D5}.Release|Any CPU.ActiveCfg = Release|Any CPU
		{4B740F66-9965-4D81-8C52-D1DED8A4F8D5}.Release|Any CPU.Build.0 = Release|Any CPU
		{EFD3CB11-5798-400E-8D96-45164CF0C34D}.Debug|Any CPU.ActiveCfg = Debug|Any CPU
		{EFD3CB11-5798-400E-8D96-45164CF0C34D}.Debug|Any CPU.Build.0 = Debug|Any CPU
		{EFD3CB11-5798-400E-8D96-45164CF0C34D}.Release|Any CPU.ActiveCfg = Release|Any CPU
		{EFD3CB11-5798-400E-8D96-45164CF0C34D}.Release|Any CPU.Build.0 = Release|Any CPU
		{C40891F4-CD8A-49AB-B97B-A9646C0FA499}.Debug|Any CPU.ActiveCfg = Debug|Any CPU
		{C40891F4-CD8A-49AB-B97B-A9646C0FA499}.Debug|Any CPU.Build.0 = Debug|Any CPU
		{C40891F4-CD8A-49AB-B97B-A9646C0FA499}.Release|Any CPU.ActiveCfg = Release|Any CPU
		{C40891F4-CD8A-49AB-B97B-A9646C0FA499}.Release|Any CPU.Build.0 = Release|Any CPU
		{31FCC371-21BD-4EDB-BBF9-6F88807EEF86}.Debug|Any CPU.ActiveCfg = Debug|Any CPU
		{31FCC371-21BD-4EDB-BBF9-6F88807EEF86}.Debug|Any CPU.Build.0 = Debug|Any CPU
		{31FCC371-21BD-4EDB-BBF9-6F88807EEF86}.Release|Any CPU.ActiveCfg = Release|Any CPU
		{31FCC371-21BD-4EDB-BBF9-6F88807EEF86}.Release|Any CPU.Build.0 = Release|Any CPU
		{64DECD78-6AF1-4F83-A19A-0D5AC00DA230}.Debug|Any CPU.ActiveCfg = Debug|Any CPU
		{64DECD78-6AF1-4F83-A19A-0D5AC00DA230}.Debug|Any CPU.Build.0 = Debug|Any CPU
		{64DECD78-6AF1-4F83-A19A-0D5AC00DA230}.Release|Any CPU.ActiveCfg = Release|Any CPU
		{64DECD78-6AF1-4F83-A19A-0D5AC00DA230}.Release|Any CPU.Build.0 = Release|Any CPU
		{4B8CE08C-099A-43E8-B28C-E2E5B9245E60}.Debug|Any CPU.ActiveCfg = Debug|Any CPU
		{4B8CE08C-099A-43E8-B28C-E2E5B9245E60}.Debug|Any CPU.Build.0 = Debug|Any CPU
		{4B8CE08C-099A-43E8-B28C-E2E5B9245E60}.Release|Any CPU.ActiveCfg = Release|Any CPU
		{4B8CE08C-099A-43E8-B28C-E2E5B9245E60}.Release|Any CPU.Build.0 = Release|Any CPU
		{C1B5B148-310E-4AFA-84D7-21727D1E1749}.Debug|Any CPU.ActiveCfg = Debug|Any CPU
		{C1B5B148-310E-4AFA-84D7-21727D1E1749}.Debug|Any CPU.Build.0 = Debug|Any CPU
		{C1B5B148-310E-4AFA-84D7-21727D1E1749}.Release|Any CPU.ActiveCfg = Release|Any CPU
		{C1B5B148-310E-4AFA-84D7-21727D1E1749}.Release|Any CPU.Build.0 = Release|Any CPU
	EndGlobalSection
	GlobalSection(SolutionProperties) = preSolution
		HideSolutionNode = FALSE
	EndGlobalSection
	GlobalSection(NestedProjects) = preSolution
		{4B740F66-9965-4D81-8C52-D1DED8A4F8D5} = {7CA3856D-0B6B-418B-8A25-BD2DB86001EC}
		{EFD3CB11-5798-400E-8D96-45164CF0C34D} = {7CA3856D-0B6B-418B-8A25-BD2DB86001EC}
		{31FCC371-21BD-4EDB-BBF9-6F88807EEF86} = {9CE45191-2801-40C0-8B6C-C9348F988897}
		{64DECD78-6AF1-4F83-A19A-0D5AC00DA230} = {9CE45191-2801-40C0-8B6C-C9348F988897}
		{4B8CE08C-099A-43E8-B28C-E2E5B9245E60} = {90482ECC-EBC2-4038-8F83-C763FBE92913}
		{C1B5B148-310E-4AFA-84D7-21727D1E1749} = {9CE45191-2801-40C0-8B6C-C9348F988897}
	EndGlobalSection
	GlobalSection(ExtensibilityGlobals) = postSolution
		SolutionGuid = {237F51D4-B8DE-406B-8081-341AA7670569}
	EndGlobalSection
EndGlobal
